dependencies:
- name: ark-solr
  repository: https://arkcase.github.io/ark_helm_charts
  version: 0.1.14
- name: ark-samba
  repository: https://arkcase.github.io/ark_helm_charts
  version: 0.1.13
- name: ark-activemq
  repository: https://arkcase.github.io/ark_helm_charts
  version: 0.1.17
- name: ark-core
  repository: https://arkcase.github.io/ark_helm_charts
  version: 0.1.7
- name: ark-postgres
  repository: https://arkcase.github.io/ark_helm_charts
  version: 0.1.20
- name: ark-pentaho-ee
  repository: https://arkcase.github.io/ark_helm_charts
  version: 0.1.30
- name: ark-alfresco
  repository: https://arkcase.github.io/ark_helm_charts
  version: 0.1.0
- name: ark-gateway-apache
  repository: https://arkcase.github.io/ark_helm_charts
  version: 0.1.8
digest: sha256:ee2e9d392cde2cae4d96d0fff6f817063d2da64ef3c2f56499b43c67c40e993b
generated: "2023-04-10T08:29:42.57099675-06:00"
