dependencies:
- name: ark-solr
  repository: https://arkcase.github.io/ark_helm_charts
  version: 0.1.13
- name: ark-samba
  repository: https://arkcase.github.io/ark_helm_charts
  version: 0.1.12
- name: ark-activemq
  repository: https://arkcase.github.io/ark_helm_charts
  version: 0.1.16
- name: ark-core
  repository: https://arkcase.github.io/ark_helm_charts
  version: 0.1.3
- name: ark-postgres
  repository: https://arkcase.github.io/ark_helm_charts
  version: 0.1.19
- name: ark-pentaho-ee
  repository: https://arkcase.github.io/ark_helm_charts
  version: 0.1.27
- name: ark-gateway-apache
  repository: https://arkcase.github.io/ark_helm_charts
  version: 0.1.7
digest: sha256:739eebc814106de5dba09021b413f66109adf4294eda13c6791aa07e793fd0a5
generated: "2023-03-03T14:47:36.439961164-06:00"
