dependencies:
- name: ark-solr
  repository: https://arkcase.github.io/ark_helm_charts
  version: 0.1.14
- name: ark-samba
  repository: https://arkcase.github.io/ark_helm_charts
  version: 0.1.13
- name: ark-activemq
  repository: https://arkcase.github.io/ark_helm_charts
  version: 0.1.17
- name: ark-core
  repository: https://arkcase.github.io/ark_helm_charts
  version: 0.1.5
- name: ark-postgres
  repository: https://arkcase.github.io/ark_helm_charts
  version: 0.1.20
- name: ark-pentaho-ee
  repository: https://arkcase.github.io/ark_helm_charts
  version: 0.1.29
- name: ark-gateway-apache
  repository: https://arkcase.github.io/ark_helm_charts
  version: 0.1.8
digest: sha256:57bd3ae00f81a4aa830df30d0078e3af871266cf1ceb4833cc98448193cc3978
generated: "2023-03-22T15:12:57.56890829-06:00"
