dependencies:
- name: ark-alfresco-insight-zeppelin
  repository: ""
  version: ~0.1.2
- name: ark-common
  repository: https://arkcase.github.io/ark_helm_charts
  version: 0.1.23
digest: sha256:beaf9e2bcb2b61c25906ea2522b642758640fcdb3b5458ed8987c7211bfb5364
generated: "2023-02-17T08:54:27.951563041-06:00"
