dependencies:
- name: ark-alfresco-insight-zeppelin
  repository: ""
  version: ~0.1.2
- name: ark-common
  repository: https://arkcase.github.io/ark_helm_charts
  version: 0.1.24
digest: sha256:74de19507bc3f8151f7c31133f468dc22e3225d87ac4e165920ac22b2e5c2c78
generated: "2023-02-17T09:10:09.240850917-06:00"
