dependencies:
- name: ark-alfresco-insight-zeppelin
  repository: ""
  version: ~0.1.2
- name: ark-common
  repository: https://arkcase.github.io/ark_helm_charts
  version: 0.1.22
digest: sha256:577e03674546278d344cba72f0d47b6d1a513fd8512762b5613365d7682f82be
generated: "2023-02-11T16:38:44.157910272-06:00"
