dependencies:
- name: common
  repository: https://charts.bitnami.com/bitnami
  version: 1.13.0
- name: ark-common
  repository: https://arkcase.github.io/ark_helm_charts
  version: 0.1.0
digest: sha256:b80961ef6902945929d3639091a2c8d71acc64a3f28c53ea051f5e1e562a8312
generated: "2022-04-20T08:14:56.469250575-06:00"
