dependencies:
- name: postgresql
  repository: https://charts.bitnami.com/bitnami
  version: 8.9.6
- name: postgresql
  repository: https://charts.bitnami.com/bitnami
  version: 8.9.6
- name: common
  repository: https://activiti.github.io/activiti-cloud-helm-charts
  version: 7.1.0-M12
- name: activemq
  repository: ""
  version: 2.0.0
- name: alfresco-search
  repository: ""
  version: 1.0.4
- name: alfresco-sync-service
  repository: ""
  version: 3.0.8
- name: ark-common
  repository: https://arkcase.github.io/ark_helm_charts
  version: 0.1.0
digest: sha256:b40cfc1d5c4fb241e9b681c3ab1daf020decc77b77290fa0291b3055583ac1bd
generated: "2022-04-20T07:43:04.433221043-06:00"
