dependencies:
- name: common
  repository: https://arkcase.github.io/ark_helm_charts
  version: 0.8.0-30
- name: acme
  repository: ""
  version: ~0.8.0-0
- name: analytics
  repository: ""
  version: ~0.8.0-0
- name: content
  repository: ""
  version: ~0.8.0-0
- name: core
  repository: ""
  version: ~0.8.0-0
- name: ldap
  repository: ""
  version: ~0.8.0-0
- name: messaging
  repository: ""
  version: ~0.8.0-0
- name: rdbms
  repository: ""
  version: ~0.8.0-0
- name: reports
  repository: ""
  version: ~0.8.0-0
- name: search
  repository: ""
  version: ~0.8.0-0
- name: zookeeper
  repository: ""
  version: ~0.8.0-0
digest: sha256:84b603f7299718730edf73531106297171cbd5eb06577ec099cc2c992ec83090
generated: "2025-06-05T20:33:44.63730545-06:00"
