dependencies:
- name: common
  repository: https://arkcase.github.io/ark_helm_charts
  version: 0.9.6
- name: acme
  repository: ""
  version: ~0.9.0
- name: content
  repository: ""
  version: ~0.9.0
- name: core
  repository: ""
  version: ~0.9.0
- name: ldap
  repository: ""
  version: ~0.9.0
- name: messaging
  repository: ""
  version: ~0.9.0
- name: rdbms
  repository: ""
  version: ~0.9.0
- name: reports
  repository: ""
  version: ~0.9.0
- name: search
  repository: ""
  version: ~0.9.0
- name: zookeeper
  repository: ""
  version: ~0.9.0
digest: sha256:3a19c56fb56ccc0c16c6073f070c182557275f5cd972fad5dc3db1458f97d70b
generated: "2026-04-08T10:16:26.741441314-06:00"
