dependencies:
- name: common
  repository: https://arkcase.github.io/ark_helm_charts
  version: 0.9.11
- name: acme
  repository: ""
  version: ~0.9.0
- name: content
  repository: ""
  version: ~0.9.0
- name: core
  repository: ""
  version: ~0.9.0
- name: ldap
  repository: ""
  version: ~0.9.0
- name: messaging
  repository: ""
  version: ~0.9.0
- name: rdbms
  repository: ""
  version: ~0.9.0
- name: reports
  repository: ""
  version: ~0.9.0
- name: search
  repository: ""
  version: ~0.9.0
- name: zookeeper
  repository: ""
  version: ~0.9.0
digest: sha256:6c7e5a055b852806f1bb1566f1c2e9de564b3cdd34b4154d9a7abb3b975cbac6
generated: "2026-04-12T08:46:48.183551787-06:00"
