dependencies:
- name: alfresco-insight-zeppelin
  repository: ""
  version: 1.0.3
- name: ark-common
  repository: https://arkcase.github.io/ark_helm_charts
  version: 0.1.0
digest: sha256:c4baf2bf10f1852b956eb64e2bf560cb5a15c3afd9e60092d0658dbb8f4ceac7
generated: "2022-04-20T07:59:23.338916271-06:00"
