dependencies:
- name: ark-solr
  repository: https://arkcase.github.io/ark_helm_charts
  version: 0.1.5
- name: ark-samba
  repository: https://arkcase.github.io/ark_helm_charts
  version: 0.1.6
- name: ark-activemq
  repository: https://arkcase.github.io/ark_helm_charts
  version: 0.1.10
- name: ark-snowbound
  repository: https://arkcase.github.io/ark_helm_charts
  version: 0.1.4
- name: ark-cloudconfig
  repository: https://arkcase.github.io/ark_helm_charts
  version: 0.1.5
- name: ark-mariadb
  repository: https://arkcase.github.io/ark_helm_charts
  version: 0.1.9
- name: ark-pentaho-ce
  repository: https://arkcase.github.io/ark_helm_charts
  version: 0.1.4
- name: ark-gateway-apache
  repository: https://arkcase.github.io/ark_helm_charts
  version: 0.1.3
digest: sha256:51892352dc3e8ffefd3080402e0560804b086020f4ca7b48e0bceced9383e7f7
generated: "2023-01-19T20:18:10.358120753-06:00"
