dependencies:
- name: ark-solr
  repository: https://arkcase.github.io/ark_helm_charts
  version: 0.1.4
- name: ark-samba
  repository: https://arkcase.github.io/ark_helm_charts
  version: 0.1.5
- name: ark-activemq
  repository: https://arkcase.github.io/ark_helm_charts
  version: 0.1.9
- name: ark-snowbound
  repository: https://arkcase.github.io/ark_helm_charts
  version: 0.1.3
- name: ark-cloudconfig
  repository: https://arkcase.github.io/ark_helm_charts
  version: 0.1.5
- name: ark-mariadb
  repository: https://arkcase.github.io/ark_helm_charts
  version: 0.1.8
- name: ark-pentaho-ce
  repository: https://arkcase.github.io/ark_helm_charts
  version: 0.1.3
- name: ark-gateway-apache
  repository: https://arkcase.github.io/ark_helm_charts
  version: 0.1.2
digest: sha256:498424a622835375d5ace1b2e0d56382b522b619a5ee8e421a2faf65c0908e80
generated: "2023-01-19T19:41:06.79973019-06:00"
