dependencies:
- name: ark-solr
  repository: https://arkcase.github.io/ark_helm_charts
  version: 0.1.9
- name: ark-samba
  repository: https://arkcase.github.io/ark_helm_charts
  version: 0.1.10
- name: ark-activemq
  repository: https://arkcase.github.io/ark_helm_charts
  version: 0.1.15
- name: ark-snowbound
  repository: https://arkcase.github.io/ark_helm_charts
  version: 0.1.8
- name: ark-cloudconfig
  repository: https://arkcase.github.io/ark_helm_charts
  version: 0.1.11
- name: ark-postgres
  repository: https://arkcase.github.io/ark_helm_charts
  version: 0.1.18
- name: ark-pentaho-ee
  repository: https://arkcase.github.io/ark_helm_charts
  version: 0.1.11
- name: ark-gateway-apache
  repository: https://arkcase.github.io/ark_helm_charts
  version: 0.1.6
digest: sha256:c25d703d835d86039616d60de0af49bb1914b47c67de453dc23c420758df3381
generated: "2023-02-05T21:42:19.081420475-06:00"
