dependencies:
- name: solr
  repository: https://arkcase.github.io/ark_helm_charts
  version: 0.2.0
- name: samba
  repository: https://arkcase.github.io/ark_helm_charts
  version: 0.2.0
- name: activemq
  repository: https://arkcase.github.io/ark_helm_charts
  version: 0.2.0
- name: core
  repository: https://arkcase.github.io/ark_helm_charts
  version: 0.2.0
- name: postgres
  repository: https://arkcase.github.io/ark_helm_charts
  version: 0.2.0
- name: pentaho
  repository: https://arkcase.github.io/ark_helm_charts
  version: 0.2.0
- name: alfresco
  repository: https://arkcase.github.io/ark_helm_charts
  version: 0.2.0
- name: gateway-apache
  repository: https://arkcase.github.io/ark_helm_charts
  version: 0.2.0
digest: sha256:ee2e9d392cde2cae4d96d0fff6f817063d2da64ef3c2f56499b43c67c40e993b
generated: "2023-04-10T08:29:42.57099675-06:00"
